<?xml version="1.0" encoding="utf-8"?>
<Project ToolsVersion="4.0" xmlns="http://schemas.microsoft.com/developer/msbuild/2003">
  <ItemGroup>
    <Filter Include="Source Files">
      <UniqueIdentifier>{4FC737F1-C7A5-4376-A066-2A32D752A2FF}</UniqueIdentifier>
      <Extensions>cpp;c;cc;cxx;def;odl;idl;hpj;bat;asm;asmx</Extensions>
    </Filter>
    <Filter Include="Header Files">
      <UniqueIdentifier>{93995380-89BD-4b04-88EB-625FBE52EBFB}</UniqueIdentifier>
      <Extensions>h;hh;hpp;hxx;hm;inl;inc;xsd</Extensions>
    </Filter>
    <Filter Include="Resource Files">
      <UniqueIdentifier>{67DA6AB6-F800-4c08-8B7A-83BB121AAD01}</UniqueIdentifier>
      <Extensions>rc;ico;cur;bmp;dlg;rc2;rct;bin;rgs;gif;jpg;jpeg;jpe;resx;tiff;tif;png;wav;mfcribbon-ms</Extensions>
    </Filter>
    <Filter Include="util">
      <UniqueIdentifier>{1ad7cfd6-cd0e-47e4-8980-bef6611e32e4}</UniqueIdentifier>
    </Filter>
    <Filter Include="layers">
      <UniqueIdentifier>{80d10f50-c02a-45c9-b735-ef7ef3a56b7e}</UniqueIdentifier>
    </Filter>
    <Filter Include="protobuf">
      <UniqueIdentifier>{0f869d0e-f1f7-4ef4-ab54-cef235b32d7e}</UniqueIdentifier>
    </Filter>
    <Filter Include="Header Files\util">
      <UniqueIdentifier>{429dabba-2525-41fa-8059-51fb32e2c49f}</UniqueIdentifier>
    </Filter>
    <Filter Include="Header Files\layers">
      <UniqueIdentifier>{9ebba4f5-00c7-416a-b8c1-ff0b23251ef3}</UniqueIdentifier>
    </Filter>
    <Filter Include="solvers">
      <UniqueIdentifier>{7c2a2f91-8516-474b-b7cd-005639a43e60}</UniqueIdentifier>
    </Filter>
  </ItemGroup>
  <ItemGroup>
    <ClCompile Include="..\..\python\caffe\_caffe.cpp">
      <Filter>Source Files</Filter>
    </ClCompile>
    <ClCompile Include="..\..\src\caffe\blob.cpp">
      <Filter>Source Files</Filter>
    </ClCompile>
    <ClCompile Include="..\..\src\caffe\common.cpp">
      <Filter>Source Files</Filter>
    </ClCompile>
    <ClCompile Include="..\..\src\caffe\data_transformer.cpp">
      <Filter>Source Files</Filter>
    </ClCompile>
    <ClCompile Include="..\..\src\caffe\internal_thread.cpp">
      <Filter>Source Files</Filter>
    </ClCompile>
    <ClCompile Include="..\..\src\caffe\layer_factory.cpp">
      <Filter>Source Files</Filter>
    </ClCompile>
    <ClCompile Include="..\..\src\caffe\net.cpp">
      <Filter>Source Files</Filter>
    </ClCompile>
    <ClCompile Include="..\..\src\caffe\solver.cpp">
      <Filter>Source Files</Filter>
    </ClCompile>
    <ClCompile Include="..\..\src\caffe\syncedmem.cpp">
      <Filter>Source Files</Filter>
    </ClCompile>
    <ClCompile Include="..\..\src\caffe\layers\absval_layer.cpp">
      <Filter>layers</Filter>
    </ClCompile>
    <ClCompile Include="..\..\src\caffe\layers\accuracy_layer.cpp">
      <Filter>layers</Filter>
    </ClCompile>
    <ClCompile Include="..\..\src\caffe\layers\argmax_layer.cpp">
      <Filter>layers</Filter>
    </ClCompile>
    <ClCompile Include="..\..\src\caffe\layers\base_conv_layer.cpp">
      <Filter>layers</Filter>
    </ClCompile>
    <ClCompile Include="..\..\src\caffe\layers\base_data_layer.cpp">
      <Filter>layers</Filter>
    </ClCompile>
    <ClCompile Include="..\..\src\caffe\layers\bnll_layer.cpp">
      <Filter>layers</Filter>
    </ClCompile>
    <ClCompile Include="..\..\src\caffe\layers\concat_layer.cpp">
      <Filter>layers</Filter>
    </ClCompile>
    <ClCompile Include="..\..\src\caffe\layers\contrastive_loss_layer.cpp">
      <Filter>layers</Filter>
    </ClCompile>
    <ClCompile Include="..\..\src\caffe\layers\conv_layer.cpp">
      <Filter>layers</Filter>
    </ClCompile>
    <ClCompile Include="..\..\src\caffe\layers\cudnn_conv_layer.cpp">
      <Filter>layers</Filter>
    </ClCompile>
    <ClCompile Include="..\..\src\caffe\layers\cudnn_pooling_layer.cpp">
      <Filter>layers</Filter>
    </ClCompile>
    <ClCompile Include="..\..\src\caffe\layers\cudnn_relu_layer.cpp">
      <Filter>layers</Filter>
    </ClCompile>
    <ClCompile Include="..\..\src\caffe\layers\cudnn_sigmoid_layer.cpp">
      <Filter>layers</Filter>
    </ClCompile>
    <ClCompile Include="..\..\src\caffe\layers\cudnn_softmax_layer.cpp">
      <Filter>layers</Filter>
    </ClCompile>
    <ClCompile Include="..\..\src\caffe\layers\cudnn_tanh_layer.cpp">
      <Filter>layers</Filter>
    </ClCompile>
    <ClCompile Include="..\..\src\caffe\layers\data_layer.cpp">
      <Filter>layers</Filter>
    </ClCompile>
    <ClCompile Include="..\..\src\caffe\layers\deconv_layer.cpp">
      <Filter>layers</Filter>
    </ClCompile>
    <ClCompile Include="..\..\src\caffe\layers\dropout_layer.cpp">
      <Filter>layers</Filter>
    </ClCompile>
    <ClCompile Include="..\..\src\caffe\layers\dummy_data_layer.cpp">
      <Filter>layers</Filter>
    </ClCompile>
    <ClCompile Include="..\..\src\caffe\layers\eltwise_layer.cpp">
      <Filter>layers</Filter>
    </ClCompile>
    <ClCompile Include="..\..\src\caffe\layers\euclidean_loss_layer.cpp">
      <Filter>layers</Filter>
    </ClCompile>
    <ClCompile Include="..\..\src\caffe\layers\exp_layer.cpp">
      <Filter>layers</Filter>
    </ClCompile>
    <ClCompile Include="..\..\src\caffe\layers\filter_layer.cpp">
      <Filter>layers</Filter>
    </ClCompile>
    <ClCompile Include="..\..\src\caffe\layers\flatten_layer.cpp">
      <Filter>layers</Filter>
    </ClCompile>
    <ClCompile Include="..\..\src\caffe\layers\hdf5_data_layer.cpp">
      <Filter>layers</Filter>
    </ClCompile>
    <ClCompile Include="..\..\src\caffe\layers\hdf5_output_layer.cpp">
      <Filter>layers</Filter>
    </ClCompile>
    <ClCompile Include="..\..\src\caffe\layers\hinge_loss_layer.cpp">
      <Filter>layers</Filter>
    </ClCompile>
    <ClCompile Include="..\..\src\caffe\layers\im2col_layer.cpp">
      <Filter>layers</Filter>
    </ClCompile>
    <ClCompile Include="..\..\src\caffe\layers\image_data_layer.cpp">
      <Filter>layers</Filter>
    </ClCompile>
    <ClCompile Include="..\..\src\caffe\layers\infogain_loss_layer.cpp">
      <Filter>layers</Filter>
    </ClCompile>
    <ClCompile Include="..\..\src\caffe\layers\inner_product_layer.cpp">
      <Filter>layers</Filter>
    </ClCompile>
    <ClCompile Include="..\..\src\caffe\layers\log_layer.cpp">
      <Filter>layers</Filter>
    </ClCompile>
    <ClCompile Include="..\..\src\caffe\layers\loss_layer.cpp">
      <Filter>layers</Filter>
    </ClCompile>
    <ClCompile Include="..\..\src\caffe\layers\lrn_layer.cpp">
      <Filter>layers</Filter>
    </ClCompile>
    <ClCompile Include="..\..\src\caffe\layers\memory_data_layer.cpp">
      <Filter>layers</Filter>
    </ClCompile>
    <ClCompile Include="..\..\src\caffe\layers\multinomial_logistic_loss_layer.cpp">
      <Filter>layers</Filter>
    </ClCompile>
    <ClCompile Include="..\..\src\caffe\layers\mvn_layer.cpp">
      <Filter>layers</Filter>
    </ClCompile>
    <ClCompile Include="..\..\src\caffe\layers\neuron_layer.cpp">
      <Filter>layers</Filter>
    </ClCompile>
    <ClCompile Include="..\..\src\caffe\layers\pooling_layer.cpp">
      <Filter>layers</Filter>
    </ClCompile>
    <ClCompile Include="..\..\src\caffe\layers\power_layer.cpp">
      <Filter>layers</Filter>
    </ClCompile>
    <ClCompile Include="..\..\src\caffe\layers\prelu_layer.cpp">
      <Filter>layers</Filter>
    </ClCompile>
    <ClCompile Include="..\..\src\caffe\layers\reduction_layer.cpp">
      <Filter>layers</Filter>
    </ClCompile>
    <ClCompile Include="..\..\src\caffe\layers\relu_layer.cpp">
      <Filter>layers</Filter>
    </ClCompile>
    <ClCompile Include="..\..\src\caffe\layers\reshape_layer.cpp">
      <Filter>layers</Filter>
    </ClCompile>
    <ClCompile Include="..\..\src\caffe\layers\sigmoid_cross_entropy_loss_layer.cpp">
      <Filter>layers</Filter>
    </ClCompile>
    <ClCompile Include="..\..\src\caffe\layers\sigmoid_layer.cpp">
      <Filter>layers</Filter>
    </ClCompile>
    <ClCompile Include="..\..\src\caffe\layers\silence_layer.cpp">
      <Filter>layers</Filter>
    </ClCompile>
    <ClCompile Include="..\..\src\caffe\layers\slice_layer.cpp">
      <Filter>layers</Filter>
    </ClCompile>
    <ClCompile Include="..\..\src\caffe\layers\softmax_layer.cpp">
      <Filter>layers</Filter>
    </ClCompile>
    <ClCompile Include="..\..\src\caffe\layers\softmax_loss_layer.cpp">
      <Filter>layers</Filter>
    </ClCompile>
    <ClCompile Include="..\..\src\caffe\layers\split_layer.cpp">
      <Filter>layers</Filter>
    </ClCompile>
    <ClCompile Include="..\..\src\caffe\layers\spp_layer.cpp">
      <Filter>layers</Filter>
    </ClCompile>
    <ClCompile Include="..\..\src\caffe\layers\threshold_layer.cpp">
      <Filter>layers</Filter>
    </ClCompile>
    <ClCompile Include="..\..\src\caffe\layers\window_data_layer.cpp">
      <Filter>layers</Filter>
    </ClCompile>
    <ClCompile Include="..\..\src\caffe\util\benchmark.cpp">
      <Filter>util</Filter>
    </ClCompile>
    <ClCompile Include="..\..\src\caffe\util\cudnn.cpp">
      <Filter>util</Filter>
    </ClCompile>
    <ClCompile Include="..\..\src\caffe\util\db.cpp">
      <Filter>util</Filter>
    </ClCompile>
    <ClCompile Include="..\..\src\caffe\util\db_leveldb.cpp">
      <Filter>util</Filter>
    </ClCompile>
    <ClCompile Include="..\..\src\caffe\util\db_lmdb.cpp">
      <Filter>util</Filter>
    </ClCompile>
    <ClCompile Include="..\..\src\caffe\util\im2col.cpp">
      <Filter>util</Filter>
    </ClCompile>
    <ClCompile Include="..\..\src\caffe\util\insert_splits.cpp">
      <Filter>util</Filter>
    </ClCompile>
    <ClCompile Include="..\..\src\caffe\util\io.cpp">
      <Filter>util</Filter>
    </ClCompile>
    <ClCompile Include="..\..\src\caffe\util\math_functions.cpp">
      <Filter>util</Filter>
    </ClCompile>
    <ClCompile Include="..\..\src\caffe\util\upgrade_proto.cpp">
      <Filter>util</Filter>
    </ClCompile>
    <ClCompile Include="..\..\src\caffe\proto\caffe.pb.cc">
      <Filter>protobuf</Filter>
    </ClCompile>
    <ClCompile Include="..\..\src\caffe\mkstemp.cpp">
      <Filter>Source Files</Filter>
    </ClCompile>
    <ClCompile Include="..\..\src\caffe\layers\unpooling_layer.cpp">
      <Filter>layers</Filter>
    </ClCompile>
    <ClCompile Include="..\..\src\caffe\layers\roi_pooling_layer.cpp">
      <Filter>layers</Filter>
    </ClCompile>
    <ClCompile Include="..\..\src\caffe\layers\k_sparse_layer.cpp">
      <Filter>layers</Filter>
    </ClCompile>
    <ClCompile Include="..\..\src\caffe\layers\deconv_norm_layer.cpp">
      <Filter>layers</Filter>
    </ClCompile>
    <ClCompile Include="..\..\src\caffe\layers\tanh_layer.cpp">
      <Filter>layers</Filter>
    </ClCompile>
    <ClCompile Include="..\..\src\caffe\layers\conv_norm_layer.cpp">
      <Filter>layers</Filter>
    </ClCompile>
    <ClCompile Include="..\..\src\caffe\layers\euclidean_layer.cpp">
      <Filter>layers</Filter>
    </ClCompile>
    <ClCompile Include="..\..\src\caffe\layers\non_local_layer.cpp">
      <Filter>layers</Filter>
    </ClCompile>
    <ClCompile Include="..\..\src\caffe\layers\shrinkage_layer.cpp">
      <Filter>layers</Filter>
    </ClCompile>
    <ClCompile Include="..\..\src\caffe\layers\smooth_threshold_layer.cpp">
      <Filter>layers</Filter>
    </ClCompile>
    <ClCompile Include="..\..\src\caffe\layers\col2img_mask_layer.cpp">
      <Filter>layers</Filter>
    </ClCompile>
    <ClCompile Include="..\..\src\caffe\layers\normalize_layer.cpp">
      <Filter>layers</Filter>
    </ClCompile>
    <ClCompile Include="..\..\src\caffe\layers\non_local_2_layer.cpp">
      <Filter>layers</Filter>
    </ClCompile>
    <ClCompile Include="..\..\src\caffe\layers\embed_layer.cpp">
      <Filter>layers</Filter>
    </ClCompile>
    <ClCompile Include="..\..\src\caffe\layers\euclidean_loss_norm_layer.cpp">
      <Filter>layers</Filter>
    </ClCompile>
    <ClCompile Include="..\..\src\caffe\layers\tile_layer.cpp">
      <Filter>layers</Filter>
    </ClCompile>
    <ClCompile Include="..\..\src\caffe\data_reader.cpp">
      <Filter>Source Files</Filter>
    </ClCompile>
    <ClCompile Include="..\..\src\caffe\layer.cpp">
      <Filter>Source Files</Filter>
    </ClCompile>
    <ClCompile Include="..\..\src\caffe\parallel.cpp">
      <Filter>Source Files</Filter>
    </ClCompile>
    <ClCompile Include="..\..\src\caffe\util\blocking_queue.cpp">
      <Filter>util</Filter>
    </ClCompile>
    <ClCompile Include="..\..\src\caffe\util\hdf5.cpp">
      <Filter>util</Filter>
    </ClCompile>
    <ClCompile Include="..\..\src\caffe\util\signal_handler.cpp">
      <Filter>util</Filter>
    </ClCompile>
    <ClCompile Include="..\..\src\caffe\layers\amplitude_layer.cpp">
      <Filter>layers</Filter>
    </ClCompile>
    <ClCompile Include="..\..\src\caffe\layers\neighbor_dist_layer.cpp">
      <Filter>layers</Filter>
    </ClCompile>
    <ClCompile Include="..\..\src\caffe\layers\select_replace_layer.cpp">
      <Filter>layers</Filter>
    </ClCompile>
    <ClCompile Include="..\..\src\caffe\layers\select_sorted_layer.cpp">
      <Filter>layers</Filter>
    </ClCompile>
    <ClCompile Include="..\..\src\caffe\layers\argmaxmin_layer.cpp">
      <Filter>layers</Filter>
    </ClCompile>
    <ClCompile Include="..\..\src\caffe\layers\crop_pad_layer.cpp">
      <Filter>layers</Filter>
    </ClCompile>
    <ClCompile Include="..\..\src\caffe\layers\filter_elt_layer.cpp">
      <Filter>layers</Filter>
    </ClCompile>
    <ClCompile Include="..\..\src\caffe\layers\batch_norm_layer.cpp">
      <Filter>layers</Filter>
    </ClCompile>
    <ClCompile Include="..\..\src\caffe\layers\batch_reindex_layer.cpp">
      <Filter>layers</Filter>
    </ClCompile>
    <ClCompile Include="..\..\src\caffe\layers\cudnn_lcn_layer.cpp">
      <Filter>layers</Filter>
    </ClCompile>
    <ClCompile Include="..\..\src\caffe\layers\cudnn_lrn_layer.cpp">
      <Filter>layers</Filter>
    </ClCompile>
    <ClCompile Include="..\..\src\caffe\layers\softmax_loss_rw_layer.cpp">
      <Filter>layers</Filter>
    </ClCompile>
    <ClCompile Include="..\..\src\caffe\solvers\adadelta_solver.cpp">
      <Filter>solvers</Filter>
    </ClCompile>
    <ClCompile Include="..\..\src\caffe\solvers\adagrad_solver.cpp">
      <Filter>solvers</Filter>
    </ClCompile>
    <ClCompile Include="..\..\src\caffe\solvers\adam_solver.cpp">
      <Filter>solvers</Filter>
    </ClCompile>
    <ClCompile Include="..\..\src\caffe\solvers\nesterov_solver.cpp">
      <Filter>solvers</Filter>
    </ClCompile>
    <ClCompile Include="..\..\src\caffe\solvers\rmsprop_solver.cpp">
      <Filter>solvers</Filter>
    </ClCompile>
    <ClCompile Include="..\..\src\caffe\solvers\sgd_solver.cpp">
      <Filter>solvers</Filter>
    </ClCompile>
    <ClCompile Include="..\..\src\caffe\layers\cudnn_highway_layer.cpp">
      <Filter>layers</Filter>
    </ClCompile>
    <ClCompile Include="..\..\src\caffe\layers\scale_layer.cpp">
      <Filter>layers</Filter>
    </ClCompile>
    <ClCompile Include="..\..\src\caffe\layers\lstm_layer.cpp">
      <Filter>layers</Filter>
    </ClCompile>
    <ClCompile Include="..\..\src\caffe\layers\lstm_unit_layer.cpp">
      <Filter>layers</Filter>
    </ClCompile>
    <ClCompile Include="..\..\src\caffe\layers\recurrent_layer.cpp">
      <Filter>layers</Filter>
    </ClCompile>
    <ClCompile Include="..\..\src\caffe\layers\rnn_layer.cpp">
      <Filter>layers</Filter>
    </ClCompile>
    <ClCompile Include="..\..\src\caffe\layers\scalar_layer.cpp">
      <Filter>layers</Filter>
    </ClCompile>
    <ClCompile Include="..\..\src\caffe\layers\bias_layer.cpp">
      <Filter>layers</Filter>
    </ClCompile>
    <ClCompile Include="..\..\src\caffe\layers\elu_layer.cpp">
      <Filter>layers</Filter>
    </ClCompile>
    <ClCompile Include="..\..\src\caffe\layers\smooth_L1_loss_layer.cpp">
      <Filter>layers</Filter>
    </ClCompile>
    <ClCompile Include="..\..\src\caffe\layers\batch_norm_opt_layer.cpp">
      <Filter>layers</Filter>
    </ClCompile>
    <ClCompile Include="..\..\src\caffe\layers\cluster_centroid_layer.cpp">
      <Filter>layers</Filter>
    </ClCompile>
    <ClCompile Include="..\..\src\caffe\layers\cluster_centroid_dist_layer.cpp">
      <Filter>layers</Filter>
    </ClCompile>
  </ItemGroup>
  <ItemGroup>
    <ClInclude Include="..\..\include\caffe\blob.hpp">
      <Filter>Header Files</Filter>
    </ClInclude>
    <ClInclude Include="..\..\include\caffe\caffe.hpp">
      <Filter>Header Files</Filter>
    </ClInclude>
    <ClInclude Include="..\..\include\caffe\common.hpp">
      <Filter>Header Files</Filter>
    </ClInclude>
    <ClInclude Include="..\..\include\caffe\common_layers.hpp">
      <Filter>Header Files</Filter>
    </ClInclude>
    <ClInclude Include="..\..\include\caffe\data_layers.hpp">
      <Filter>Header Files</Filter>
    </ClInclude>
    <ClInclude Include="..\..\include\caffe\data_transformer.hpp">
      <Filter>Header Files</Filter>
    </ClInclude>
    <ClInclude Include="..\..\include\caffe\filler.hpp">
      <Filter>Header Files</Filter>
    </ClInclude>
    <ClInclude Include="..\..\include\caffe\internal_thread.hpp">
      <Filter>Header Files</Filter>
    </ClInclude>
    <ClInclude Include="..\..\include\caffe\layer.hpp">
      <Filter>Header Files</Filter>
    </ClInclude>
    <ClInclude Include="..\..\include\caffe\layer_factory.hpp">
      <Filter>Header Files</Filter>
    </ClInclude>
    <ClInclude Include="..\..\include\caffe\loss_layers.hpp">
      <Filter>Header Files</Filter>
    </ClInclude>
    <ClInclude Include="..\..\include\caffe\net.hpp">
      <Filter>Header Files</Filter>
    </ClInclude>
    <ClInclude Include="..\..\include\caffe\neuron_layers.hpp">
      <Filter>Header Files</Filter>
    </ClInclude>
    <ClInclude Include="..\..\include\caffe\python_layer.hpp">
      <Filter>Header Files</Filter>
    </ClInclude>
    <ClInclude Include="..\..\include\caffe\solver.hpp">
      <Filter>Header Files</Filter>
    </ClInclude>
    <ClInclude Include="..\..\include\caffe\syncedmem.hpp">
      <Filter>Header Files</Filter>
    </ClInclude>
    <ClInclude Include="..\..\include\caffe\vision_layers.hpp">
      <Filter>Header Files</Filter>
    </ClInclude>
    <ClInclude Include="..\..\include\caffe\util\benchmark.hpp">
      <Filter>Header Files\util</Filter>
    </ClInclude>
    <ClInclude Include="..\..\include\caffe\util\cudnn.hpp">
      <Filter>Header Files\util</Filter>
    </ClInclude>
    <ClInclude Include="..\..\include\caffe\util\db.hpp">
      <Filter>Header Files\util</Filter>
    </ClInclude>
    <ClInclude Include="..\..\include\caffe\util\db_leveldb.hpp">
      <Filter>Header Files\util</Filter>
    </ClInclude>
    <ClInclude Include="..\..\include\caffe\util\db_lmdb.hpp">
      <Filter>Header Files\util</Filter>
    </ClInclude>
    <ClInclude Include="..\..\include\caffe\util\device_alternate.hpp">
      <Filter>Header Files\util</Filter>
    </ClInclude>
    <ClInclude Include="..\..\include\caffe\util\im2col.hpp">
      <Filter>Header Files\util</Filter>
    </ClInclude>
    <ClInclude Include="..\..\include\caffe\util\insert_splits.hpp">
      <Filter>Header Files\util</Filter>
    </ClInclude>
    <ClInclude Include="..\..\include\caffe\util\io.hpp">
      <Filter>Header Files\util</Filter>
    </ClInclude>
    <ClInclude Include="..\..\include\caffe\util\math_functions.hpp">
      <Filter>Header Files\util</Filter>
    </ClInclude>
    <ClInclude Include="..\..\include\caffe\util\mkl_alternate.hpp">
      <Filter>Header Files\util</Filter>
    </ClInclude>
    <ClInclude Include="..\..\include\caffe\util\rng.hpp">
      <Filter>Header Files\util</Filter>
    </ClInclude>
    <ClInclude Include="..\..\include\caffe\util\upgrade_proto.hpp">
      <Filter>Header Files\util</Filter>
    </ClInclude>
    <ClInclude Include="..\..\src\caffe\proto\caffe.pb.h">
      <Filter>protobuf</Filter>
    </ClInclude>
    <ClInclude Include="..\..\include\caffe\mkstemp.h">
      <Filter>Header Files</Filter>
    </ClInclude>
    <ClInclude Include="..\..\include\caffe\unistd.h">
      <Filter>Header Files</Filter>
    </ClInclude>
    <ClInclude Include="..\..\include\caffe\fast_rcnn_layers.hpp">
      <Filter>Header Files</Filter>
    </ClInclude>
    <ClInclude Include="..\..\include\caffe\data_reader.hpp">
      <Filter>Header Files</Filter>
    </ClInclude>
    <ClInclude Include="..\..\include\caffe\parallel.hpp">
      <Filter>Header Files</Filter>
    </ClInclude>
    <ClInclude Include="..\..\include\caffe\util\blocking_queue.hpp">
      <Filter>Header Files\util</Filter>
    </ClInclude>
    <ClInclude Include="..\..\include\caffe\util\gpu_util.cuh">
      <Filter>Header Files\util</Filter>
    </ClInclude>
    <ClInclude Include="..\..\include\caffe\util\hdf5.hpp">
      <Filter>Header Files\util</Filter>
    </ClInclude>
    <ClInclude Include="..\..\include\caffe\util\signal_handler.h">
      <Filter>Header Files\util</Filter>
    </ClInclude>
    <ClInclude Include="..\..\include\caffe\layers\absval_layer.hpp">
      <Filter>Header Files\layers</Filter>
    </ClInclude>
    <ClInclude Include="..\..\include\caffe\layers\accuracy_layer.hpp">
      <Filter>Header Files\layers</Filter>
    </ClInclude>
    <ClInclude Include="..\..\include\caffe\layers\argmax_layer.hpp">
      <Filter>Header Files\layers</Filter>
    </ClInclude>
    <ClInclude Include="..\..\include\caffe\layers\base_conv_layer.hpp">
      <Filter>Header Files\layers</Filter>
    </ClInclude>
    <ClInclude Include="..\..\include\caffe\layers\base_data_layer.hpp">
      <Filter>Header Files\layers</Filter>
    </ClInclude>
    <ClInclude Include="..\..\include\caffe\layers\batch_norm_layer.hpp">
      <Filter>Header Files\layers</Filter>
    </ClInclude>
    <ClInclude Include="..\..\include\caffe\layers\batch_reindex_layer.hpp">
      <Filter>Header Files\layers</Filter>
    </ClInclude>
    <ClInclude Include="..\..\include\caffe\layers\bnll_layer.hpp">
      <Filter>Header Files\layers</Filter>
    </ClInclude>
    <ClInclude Include="..\..\include\caffe\layers\concat_layer.hpp">
      <Filter>Header Files\layers</Filter>
    </ClInclude>
    <ClInclude Include="..\..\include\caffe\layers\contrastive_loss_layer.hpp">
      <Filter>Header Files\layers</Filter>
    </ClInclude>
    <ClInclude Include="..\..\include\caffe\layers\conv_layer.hpp">
      <Filter>Header Files\layers</Filter>
    </ClInclude>
    <ClInclude Include="..\..\include\caffe\layers\cudnn_conv_layer.hpp">
      <Filter>Header Files\layers</Filter>
    </ClInclude>
    <ClInclude Include="..\..\include\caffe\layers\cudnn_lcn_layer.hpp">
      <Filter>Header Files\layers</Filter>
    </ClInclude>
    <ClInclude Include="..\..\include\caffe\layers\cudnn_lrn_layer.hpp">
      <Filter>Header Files\layers</Filter>
    </ClInclude>
    <ClInclude Include="..\..\include\caffe\layers\cudnn_pooling_layer.hpp">
      <Filter>Header Files\layers</Filter>
    </ClInclude>
    <ClInclude Include="..\..\include\caffe\layers\cudnn_relu_layer.hpp">
      <Filter>Header Files\layers</Filter>
    </ClInclude>
    <ClInclude Include="..\..\include\caffe\layers\cudnn_sigmoid_layer.hpp">
      <Filter>Header Files\layers</Filter>
    </ClInclude>
    <ClInclude Include="..\..\include\caffe\layers\cudnn_softmax_layer.hpp">
      <Filter>Header Files\layers</Filter>
    </ClInclude>
    <ClInclude Include="..\..\include\caffe\layers\cudnn_tanh_layer.hpp">
      <Filter>Header Files\layers</Filter>
    </ClInclude>
    <ClInclude Include="..\..\include\caffe\layers\data_layer.hpp">
      <Filter>Header Files\layers</Filter>
    </ClInclude>
    <ClInclude Include="..\..\include\caffe\layers\deconv_layer.hpp">
      <Filter>Header Files\layers</Filter>
    </ClInclude>
    <ClInclude Include="..\..\include\caffe\layers\dropout_layer.hpp">
      <Filter>Header Files\layers</Filter>
    </ClInclude>
    <ClInclude Include="..\..\include\caffe\layers\dummy_data_layer.hpp">
      <Filter>Header Files\layers</Filter>
    </ClInclude>
    <ClInclude Include="..\..\include\caffe\layers\eltwise_layer.hpp">
      <Filter>Header Files\layers</Filter>
    </ClInclude>
    <ClInclude Include="..\..\include\caffe\layers\embed_layer.hpp">
      <Filter>Header Files\layers</Filter>
    </ClInclude>
    <ClInclude Include="..\..\include\caffe\layers\euclidean_loss_layer.hpp">
      <Filter>Header Files\layers</Filter>
    </ClInclude>
    <ClInclude Include="..\..\include\caffe\layers\euclidean_loss_norm_layer.hpp">
      <Filter>Header Files\layers</Filter>
    </ClInclude>
    <ClInclude Include="..\..\include\caffe\layers\exp_layer.hpp">
      <Filter>Header Files\layers</Filter>
    </ClInclude>
    <ClInclude Include="..\..\include\caffe\layers\filter_elt_layer.hpp">
      <Filter>Header Files\layers</Filter>
    </ClInclude>
    <ClInclude Include="..\..\include\caffe\layers\filter_layer.hpp">
      <Filter>Header Files\layers</Filter>
    </ClInclude>
    <ClInclude Include="..\..\include\caffe\layers\flatten_layer.hpp">
      <Filter>Header Files\layers</Filter>
    </ClInclude>
    <ClInclude Include="..\..\include\caffe\layers\hdf5_data_layer.hpp">
      <Filter>Header Files\layers</Filter>
    </ClInclude>
    <ClInclude Include="..\..\include\caffe\layers\hdf5_output_layer.hpp">
      <Filter>Header Files\layers</Filter>
    </ClInclude>
    <ClInclude Include="..\..\include\caffe\layers\hinge_loss_layer.hpp">
      <Filter>Header Files\layers</Filter>
    </ClInclude>
    <ClInclude Include="..\..\include\caffe\layers\im2col_layer.hpp">
      <Filter>Header Files\layers</Filter>
    </ClInclude>
    <ClInclude Include="..\..\include\caffe\layers\image_data_layer.hpp">
      <Filter>Header Files\layers</Filter>
    </ClInclude>
    <ClInclude Include="..\..\include\caffe\layers\infogain_loss_layer.hpp">
      <Filter>Header Files\layers</Filter>
    </ClInclude>
    <ClInclude Include="..\..\include\caffe\layers\inner_product_layer.hpp">
      <Filter>Header Files\layers</Filter>
    </ClInclude>
    <ClInclude Include="..\..\include\caffe\layers\log_layer.hpp">
      <Filter>Header Files\layers</Filter>
    </ClInclude>
    <ClInclude Include="..\..\include\caffe\layers\loss_layer.hpp">
      <Filter>Header Files\layers</Filter>
    </ClInclude>
    <ClInclude Include="..\..\include\caffe\layers\lrn_layer.hpp">
      <Filter>Header Files\layers</Filter>
    </ClInclude>
    <ClInclude Include="..\..\include\caffe\layers\memory_data_layer.hpp">
      <Filter>Header Files\layers</Filter>
    </ClInclude>
    <ClInclude Include="..\..\include\caffe\layers\multinomial_logistic_loss_layer.hpp">
      <Filter>Header Files\layers</Filter>
    </ClInclude>
    <ClInclude Include="..\..\include\caffe\layers\mvn_layer.hpp">
      <Filter>Header Files\layers</Filter>
    </ClInclude>
    <ClInclude Include="..\..\include\caffe\layers\neuron_layer.hpp">
      <Filter>Header Files\layers</Filter>
    </ClInclude>
    <ClInclude Include="..\..\include\caffe\layers\pooling_layer.hpp">
      <Filter>Header Files\layers</Filter>
    </ClInclude>
    <ClInclude Include="..\..\include\caffe\layers\power_layer.hpp">
      <Filter>Header Files\layers</Filter>
    </ClInclude>
    <ClInclude Include="..\..\include\caffe\layers\prelu_layer.hpp">
      <Filter>Header Files\layers</Filter>
    </ClInclude>
    <ClInclude Include="..\..\include\caffe\layers\python_layer.hpp">
      <Filter>Header Files\layers</Filter>
    </ClInclude>
    <ClInclude Include="..\..\include\caffe\layers\reduction_layer.hpp">
      <Filter>Header Files\layers</Filter>
    </ClInclude>
    <ClInclude Include="..\..\include\caffe\layers\relu_layer.hpp">
      <Filter>Header Files\layers</Filter>
    </ClInclude>
    <ClInclude Include="..\..\include\caffe\layers\reshape_layer.hpp">
      <Filter>Header Files\layers</Filter>
    </ClInclude>
    <ClInclude Include="..\..\include\caffe\layers\sigmoid_cross_entropy_loss_layer.hpp">
      <Filter>Header Files\layers</Filter>
    </ClInclude>
    <ClInclude Include="..\..\include\caffe\layers\sigmoid_layer.hpp">
      <Filter>Header Files\layers</Filter>
    </ClInclude>
    <ClInclude Include="..\..\include\caffe\layers\silence_layer.hpp">
      <Filter>Header Files\layers</Filter>
    </ClInclude>
    <ClInclude Include="..\..\include\caffe\layers\slice_layer.hpp">
      <Filter>Header Files\layers</Filter>
    </ClInclude>
    <ClInclude Include="..\..\include\caffe\layers\softmax_layer.hpp">
      <Filter>Header Files\layers</Filter>
    </ClInclude>
    <ClInclude Include="..\..\include\caffe\layers\softmax_loss_layer.hpp">
      <Filter>Header Files\layers</Filter>
    </ClInclude>
    <ClInclude Include="..\..\include\caffe\layers\softmax_with_loss_rw_layer.hpp">
      <Filter>Header Files\layers</Filter>
    </ClInclude>
    <ClInclude Include="..\..\include\caffe\layers\split_layer.hpp">
      <Filter>Header Files\layers</Filter>
    </ClInclude>
    <ClInclude Include="..\..\include\caffe\layers\spp_layer.hpp">
      <Filter>Header Files\layers</Filter>
    </ClInclude>
    <ClInclude Include="..\..\include\caffe\layers\tanh_layer.hpp">
      <Filter>Header Files\layers</Filter>
    </ClInclude>
    <ClInclude Include="..\..\include\caffe\layers\threshold_layer.hpp">
      <Filter>Header Files\layers</Filter>
    </ClInclude>
    <ClInclude Include="..\..\include\caffe\layers\tile_layer.hpp">
      <Filter>Header Files\layers</Filter>
    </ClInclude>
    <ClInclude Include="..\..\include\caffe\layers\window_data_layer.hpp">
      <Filter>Header Files\layers</Filter>
    </ClInclude>
    <ClInclude Include="..\..\include\caffe\util\format.hpp">
      <Filter>Header Files\util</Filter>
    </ClInclude>
    <ClInclude Include="..\..\include\caffe\sgd_solvers.hpp">
      <Filter>Header Files</Filter>
    </ClInclude>
    <ClInclude Include="..\..\include\caffe\solver_factory.hpp">
      <Filter>Header Files</Filter>
    </ClInclude>
    <ClInclude Include="..\..\include\caffe\layers\cudnn_highway_layer.hpp">
      <Filter>Header Files\layers</Filter>
    </ClInclude>
    <ClInclude Include="..\..\include\caffe\layers\scale_layer.hpp">
      <Filter>Header Files\layers</Filter>
    </ClInclude>
    <ClInclude Include="..\..\include\caffe\layers\lstm_layer.hpp">
      <Filter>Header Files\layers</Filter>
    </ClInclude>
    <ClInclude Include="..\..\include\caffe\layers\lstm_unit_layer.hpp">
      <Filter>Header Files\layers</Filter>
    </ClInclude>
    <ClInclude Include="..\..\include\caffe\layers\recurrent_layer.hpp">
      <Filter>Header Files\layers</Filter>
    </ClInclude>
    <ClInclude Include="..\..\include\caffe\layers\rnn_layer.hpp">
      <Filter>Header Files\layers</Filter>
    </ClInclude>
    <ClInclude Include="..\..\include\caffe\layers\bias_layer.hpp">
      <Filter>Header Files\layers</Filter>
    </ClInclude>
    <ClInclude Include="..\..\include\caffe\layers\elu_layer.hpp">
      <Filter>Header Files\layers</Filter>
    </ClInclude>
    <ClInclude Include="..\..\include\caffe\layers\smooth_L1_loss_layer.hpp">
      <Filter>Header Files\layers</Filter>
    </ClInclude>
    <ClInclude Include="..\..\include\caffe\layers\cluster_centroid_layer.hpp">
      <Filter>Header Files\layers</Filter>
    </ClInclude>
  </ItemGroup>
  <ItemGroup>
    <CudaCompile Include="..\..\src\caffe\layers\base_data_layer.cu">
      <Filter>layers</Filter>
    </CudaCompile>
    <CudaCompile Include="..\..\src\caffe\layers\bnll_layer.cu">
      <Filter>layers</Filter>
    </CudaCompile>
    <CudaCompile Include="..\..\src\caffe\layers\concat_layer.cu">
      <Filter>layers</Filter>
    </CudaCompile>
    <CudaCompile Include="..\..\src\caffe\layers\contrastive_loss_layer.cu">
      <Filter>layers</Filter>
    </CudaCompile>
    <CudaCompile Include="..\..\src\caffe\layers\conv_layer.cu">
      <Filter>layers</Filter>
    </CudaCompile>
    <CudaCompile Include="..\..\src\caffe\layers\cudnn_conv_layer.cu">
      <Filter>layers</Filter>
    </CudaCompile>
    <CudaCompile Include="..\..\src\caffe\layers\cudnn_pooling_layer.cu">
      <Filter>layers</Filter>
    </CudaCompile>
    <CudaCompile Include="..\..\src\caffe\layers\cudnn_relu_layer.cu">
      <Filter>layers</Filter>
    </CudaCompile>
    <CudaCompile Include="..\..\src\caffe\layers\cudnn_sigmoid_layer.cu">
      <Filter>layers</Filter>
    </CudaCompile>
    <CudaCompile Include="..\..\src\caffe\layers\cudnn_softmax_layer.cu">
      <Filter>layers</Filter>
    </CudaCompile>
    <CudaCompile Include="..\..\src\caffe\layers\cudnn_tanh_layer.cu">
      <Filter>layers</Filter>
    </CudaCompile>
    <CudaCompile Include="..\..\src\caffe\layers\deconv_layer.cu">
      <Filter>layers</Filter>
    </CudaCompile>
    <CudaCompile Include="..\..\src\caffe\layers\dropout_layer.cu">
      <Filter>layers</Filter>
    </CudaCompile>
    <CudaCompile Include="..\..\src\caffe\layers\eltwise_layer.cu">
      <Filter>layers</Filter>
    </CudaCompile>
    <CudaCompile Include="..\..\src\caffe\layers\euclidean_loss_layer.cu">
      <Filter>layers</Filter>
    </CudaCompile>
    <CudaCompile Include="..\..\src\caffe\layers\exp_layer.cu">
      <Filter>layers</Filter>
    </CudaCompile>
    <CudaCompile Include="..\..\src\caffe\layers\filter_layer.cu">
      <Filter>layers</Filter>
    </CudaCompile>
    <CudaCompile Include="..\..\src\caffe\layers\hdf5_data_layer.cu">
      <Filter>layers</Filter>
    </CudaCompile>
    <CudaCompile Include="..\..\src\caffe\layers\hdf5_output_layer.cu">
      <Filter>layers</Filter>
    </CudaCompile>
    <CudaCompile Include="..\..\src\caffe\layers\im2col_layer.cu">
      <Filter>layers</Filter>
    </CudaCompile>
    <CudaCompile Include="..\..\src\caffe\layers\inner_product_layer.cu">
      <Filter>layers</Filter>
    </CudaCompile>
    <CudaCompile Include="..\..\src\caffe\layers\log_layer.cu">
      <Filter>layers</Filter>
    </CudaCompile>
    <CudaCompile Include="..\..\src\caffe\layers\lrn_layer.cu">
      <Filter>layers</Filter>
    </CudaCompile>
    <CudaCompile Include="..\..\src\caffe\layers\mvn_layer.cu">
      <Filter>layers</Filter>
    </CudaCompile>
    <CudaCompile Include="..\..\src\caffe\layers\pooling_layer.cu">
      <Filter>layers</Filter>
    </CudaCompile>
    <CudaCompile Include="..\..\src\caffe\layers\power_layer.cu">
      <Filter>layers</Filter>
    </CudaCompile>
    <CudaCompile Include="..\..\src\caffe\layers\prelu_layer.cu">
      <Filter>layers</Filter>
    </CudaCompile>
    <CudaCompile Include="..\..\src\caffe\layers\reduction_layer.cu">
      <Filter>layers</Filter>
    </CudaCompile>
    <CudaCompile Include="..\..\src\caffe\layers\relu_layer.cu">
      <Filter>layers</Filter>
    </CudaCompile>
    <CudaCompile Include="..\..\src\caffe\layers\sigmoid_cross_entropy_loss_layer.cu">
      <Filter>layers</Filter>
    </CudaCompile>
    <CudaCompile Include="..\..\src\caffe\layers\sigmoid_layer.cu">
      <Filter>layers</Filter>
    </CudaCompile>
    <CudaCompile Include="..\..\src\caffe\layers\silence_layer.cu">
      <Filter>layers</Filter>
    </CudaCompile>
    <CudaCompile Include="..\..\src\caffe\layers\slice_layer.cu">
      <Filter>layers</Filter>
    </CudaCompile>
    <CudaCompile Include="..\..\src\caffe\layers\softmax_layer.cu">
      <Filter>layers</Filter>
    </CudaCompile>
    <CudaCompile Include="..\..\src\caffe\layers\softmax_loss_layer.cu">
      <Filter>layers</Filter>
    </CudaCompile>
    <CudaCompile Include="..\..\src\caffe\layers\split_layer.cu">
      <Filter>layers</Filter>
    </CudaCompile>
    <CudaCompile Include="..\..\src\caffe\layers\threshold_layer.cu">
      <Filter>layers</Filter>
    </CudaCompile>
    <CudaCompile Include="..\..\src\caffe\util\im2col.cu">
      <Filter>util</Filter>
    </CudaCompile>
    <CudaCompile Include="..\..\src\caffe\util\math_functions.cu">
      <Filter>util</Filter>
    </CudaCompile>
    <CudaCompile Include="..\..\src\caffe\layers\unpooling_layer.cu">
      <Filter>layers</Filter>
    </CudaCompile>
    <CudaCompile Include="..\..\src\caffe\layers\roi_pooling_layer.cu">
      <Filter>layers</Filter>
    </CudaCompile>
    <CudaCompile Include="..\..\src\caffe\layers\absval_layer.cu">
      <Filter>layers</Filter>
    </CudaCompile>
    <CudaCompile Include="..\..\src\caffe\layers\k_sparse_layer.cu">
      <Filter>layers</Filter>
    </CudaCompile>
    <CudaCompile Include="..\..\src\caffe\layers\deconv_norm_layer.cu">
      <Filter>layers</Filter>
    </CudaCompile>
    <CudaCompile Include="..\..\src\caffe\layers\tanh_layer.cu">
      <Filter>layers</Filter>
    </CudaCompile>
    <CudaCompile Include="..\..\src\caffe\layers\conv_norm_layer.cu">
      <Filter>layers</Filter>
    </CudaCompile>
    <CudaCompile Include="..\..\src\caffe\layers\euclidean_layer.cu">
      <Filter>layers</Filter>
    </CudaCompile>
    <CudaCompile Include="..\..\src\caffe\layers\non_local_layer.cu">
      <Filter>layers</Filter>
    </CudaCompile>
    <CudaCompile Include="..\..\src\caffe\layers\shrinkage_layer.cu">
      <Filter>layers</Filter>
    </CudaCompile>
    <CudaCompile Include="..\..\src\caffe\layers\smooth_threshold_layer.cu">
      <Filter>layers</Filter>
    </CudaCompile>
    <CudaCompile Include="..\..\src\caffe\layers\col2img_mask_layer.cu">
      <Filter>layers</Filter>
    </CudaCompile>
    <CudaCompile Include="..\..\src\caffe\layers\normalize_layer.cu">
      <Filter>layers</Filter>
    </CudaCompile>
    <CudaCompile Include="..\..\src\caffe\layers\non_local_2_layer.cu">
      <Filter>layers</Filter>
    </CudaCompile>
    <CudaCompile Include="..\..\src\caffe\layers\embed_layer.cu">
      <Filter>layers</Filter>
    </CudaCompile>
    <CudaCompile Include="..\..\src\caffe\layers\euclidean_loss_norm_layer.cu">
      <Filter>layers</Filter>
    </CudaCompile>
    <CudaCompile Include="..\..\src\caffe\layers\tile_layer.cu">
      <Filter>layers</Filter>
    </CudaCompile>
    <CudaCompile Include="..\..\src\caffe\layers\amplitude_layer.cu">
      <Filter>layers</Filter>
    </CudaCompile>
    <CudaCompile Include="..\..\src\caffe\layers\neighbor_dist_layer.cu">
      <Filter>layers</Filter>
    </CudaCompile>
    <CudaCompile Include="..\..\src\caffe\layers\select_replace_layer.cu">
      <Filter>layers</Filter>
    </CudaCompile>
    <CudaCompile Include="..\..\src\caffe\layers\select_sorted_layer.cu">
      <Filter>layers</Filter>
    </CudaCompile>
    <CudaCompile Include="..\..\src\caffe\layers\argmaxmin_layer.cu">
      <Filter>layers</Filter>
    </CudaCompile>
    <CudaCompile Include="..\..\src\caffe\layers\crop_pad_layer.cu">
      <Filter>layers</Filter>
    </CudaCompile>
    <CudaCompile Include="..\..\src\caffe\layers\filter_elt_layer.cu">
      <Filter>layers</Filter>
    </CudaCompile>
    <CudaCompile Include="..\..\src\caffe\layers\batch_norm_layer.cu">
      <Filter>layers</Filter>
    </CudaCompile>
    <CudaCompile Include="..\..\src\caffe\layers\batch_reindex_layer.cu">
      <Filter>layers</Filter>
    </CudaCompile>
    <CudaCompile Include="..\..\src\caffe\layers\cudnn_lcn_layer.cu">
      <Filter>layers</Filter>
    </CudaCompile>
    <CudaCompile Include="..\..\src\caffe\layers\cudnn_lrn_layer.cu">
      <Filter>layers</Filter>
    </CudaCompile>
    <CudaCompile Include="..\..\src\caffe\layers\softmax_loss_rw_layer.cu">
      <Filter>layers</Filter>
    </CudaCompile>
    <CudaCompile Include="..\..\src\caffe\layers\cudnn_highway_layer.cu">
      <Filter>layers</Filter>
    </CudaCompile>
    <CudaCompile Include="..\..\src\caffe\layers\scale_layer.cu">
      <Filter>layers</Filter>
    </CudaCompile>
    <CudaCompile Include="..\..\src\caffe\layers\lstm_unit_layer.cu">
      <Filter>layers</Filter>
    </CudaCompile>
    <CudaCompile Include="..\..\src\caffe\layers\recurrent_layer.cu">
      <Filter>layers</Filter>
    </CudaCompile>
    <CudaCompile Include="..\..\src\caffe\layers\scalar_layer.cu">
      <Filter>layers</Filter>
    </CudaCompile>
    <CudaCompile Include="..\..\src\caffe\layers\bias_layer.cu">
      <Filter>layers</Filter>
    </CudaCompile>
    <CudaCompile Include="..\..\src\caffe\layers\elu_layer.cu">
      <Filter>layers</Filter>
    </CudaCompile>
    <CudaCompile Include="..\..\src\caffe\solvers\adadelta_solver.cu">
      <Filter>solvers</Filter>
    </CudaCompile>
    <CudaCompile Include="..\..\src\caffe\solvers\adagrad_solver.cu">
      <Filter>solvers</Filter>
    </CudaCompile>
    <CudaCompile Include="..\..\src\caffe\solvers\adam_solver.cu">
      <Filter>solvers</Filter>
    </CudaCompile>
    <CudaCompile Include="..\..\src\caffe\solvers\nesterov_solver.cu">
      <Filter>solvers</Filter>
    </CudaCompile>
    <CudaCompile Include="..\..\src\caffe\solvers\rmsprop_solver.cu">
      <Filter>solvers</Filter>
    </CudaCompile>
    <CudaCompile Include="..\..\src\caffe\solvers\sgd_solver.cu">
      <Filter>solvers</Filter>
    </CudaCompile>
    <CudaCompile Include="..\..\src\caffe\layers\smooth_L1_loss_layer.cu">
      <Filter>layers</Filter>
    </CudaCompile>
    <CudaCompile Include="..\..\src\caffe\layers\batch_norm_opt_layer.cu">
      <Filter>layers</Filter>
    </CudaCompile>
    <CudaCompile Include="..\..\src\caffe\layers\cluster_centroid_layer.cu">
      <Filter>layers</Filter>
    </CudaCompile>
    <CudaCompile Include="..\..\src\caffe\layers\cluster_centroid_dist_layer.cu">
      <Filter>layers</Filter>
    </CudaCompile>
  </ItemGroup>
</Project>