<?xml version="1.0" encoding="utf-8"?>
<Project ToolsVersion="4.0" xmlns="http://schemas.microsoft.com/developer/msbuild/2003">
  <ItemGroup>
    <Filter Include="Source Files">
      <UniqueIdentifier>{4FC737F1-C7A5-4376-A066-2A32D752A2FF}</UniqueIdentifier>
      <Extensions>cpp;c;cc;cxx;def;odl;idl;hpj;bat;asm;asmx</Extensions>
    </Filter>
    <Filter Include="Header Files">
      <UniqueIdentifier>{93995380-89BD-4b04-88EB-625FBE52EBFB}</UniqueIdentifier>
      <Extensions>h;hh;hpp;hxx;hm;inl;inc;xsd</Extensions>
    </Filter>
    <Filter Include="Resource Files">
      <UniqueIdentifier>{67DA6AB6-F800-4c08-8B7A-83BB121AAD01}</UniqueIdentifier>
      <Extensions>rc;ico;cur;bmp;dlg;rc2;rct;bin;rgs;gif;jpg;jpeg;jpe;resx;tiff;tif;png;wav;mfcribbon-ms</Extensions>
    </Filter>
    <Filter Include="layers">
      <UniqueIdentifier>{12c09374-105f-41f1-8086-53a436db8772}</UniqueIdentifier>
    </Filter>
    <Filter Include="protobuf">
      <UniqueIdentifier>{ed755f98-7d7a-4fed-bd18-1265f66fa4cd}</UniqueIdentifier>
    </Filter>
    <Filter Include="util">
      <UniqueIdentifier>{6b0de3e0-4713-4cf1-8994-2656d689f8ef}</UniqueIdentifier>
    </Filter>
    <Filter Include="Header Files\util">
      <UniqueIdentifier>{bf8dbbc4-e8ec-4c58-ab16-7383cadf9510}</UniqueIdentifier>
    </Filter>
    <Filter Include="test">
      <UniqueIdentifier>{8ee53456-0165-4f44-a733-3803e9478066}</UniqueIdentifier>
    </Filter>
    <Filter Include="Header Files\test">
      <UniqueIdentifier>{03db9ae9-cb3a-4748-bfc1-b7b9a45f989c}</UniqueIdentifier>
    </Filter>
    <Filter Include="gtest">
      <UniqueIdentifier>{2f211c78-2638-4cd4-bc0e-63e17ffd7dbd}</UniqueIdentifier>
    </Filter>
  </ItemGroup>
  <ItemGroup>
    <ClCompile Include="..\..\src\caffe\layers\absval_layer.cpp">
      <Filter>layers</Filter>
    </ClCompile>
    <ClCompile Include="..\..\src\caffe\layers\accuracy_layer.cpp">
      <Filter>layers</Filter>
    </ClCompile>
    <ClCompile Include="..\..\src\caffe\layers\argmax_layer.cpp">
      <Filter>layers</Filter>
    </ClCompile>
    <ClCompile Include="..\..\src\caffe\layers\base_conv_layer.cpp">
      <Filter>layers</Filter>
    </ClCompile>
    <ClCompile Include="..\..\src\caffe\layers\base_data_layer.cpp">
      <Filter>layers</Filter>
    </ClCompile>
    <ClCompile Include="..\..\src\caffe\layers\bnll_layer.cpp">
      <Filter>layers</Filter>
    </ClCompile>
    <ClCompile Include="..\..\src\caffe\layers\concat_layer.cpp">
      <Filter>layers</Filter>
    </ClCompile>
    <ClCompile Include="..\..\src\caffe\layers\contrastive_loss_layer.cpp">
      <Filter>layers</Filter>
    </ClCompile>
    <ClCompile Include="..\..\src\caffe\layers\conv_layer.cpp">
      <Filter>layers</Filter>
    </ClCompile>
    <ClCompile Include="..\..\src\caffe\layers\cudnn_conv_layer.cpp">
      <Filter>layers</Filter>
    </ClCompile>
    <ClCompile Include="..\..\src\caffe\layers\cudnn_pooling_layer.cpp">
      <Filter>layers</Filter>
    </ClCompile>
    <ClCompile Include="..\..\src\caffe\layers\cudnn_relu_layer.cpp">
      <Filter>layers</Filter>
    </ClCompile>
    <ClCompile Include="..\..\src\caffe\layers\cudnn_sigmoid_layer.cpp">
      <Filter>layers</Filter>
    </ClCompile>
    <ClCompile Include="..\..\src\caffe\layers\cudnn_softmax_layer.cpp">
      <Filter>layers</Filter>
    </ClCompile>
    <ClCompile Include="..\..\src\caffe\layers\cudnn_tanh_layer.cpp">
      <Filter>layers</Filter>
    </ClCompile>
    <ClCompile Include="..\..\src\caffe\layers\data_layer.cpp">
      <Filter>layers</Filter>
    </ClCompile>
    <ClCompile Include="..\..\src\caffe\layers\deconv_layer.cpp">
      <Filter>layers</Filter>
    </ClCompile>
    <ClCompile Include="..\..\src\caffe\layers\dropout_layer.cpp">
      <Filter>layers</Filter>
    </ClCompile>
    <ClCompile Include="..\..\src\caffe\layers\dummy_data_layer.cpp">
      <Filter>layers</Filter>
    </ClCompile>
    <ClCompile Include="..\..\src\caffe\layers\eltwise_layer.cpp">
      <Filter>layers</Filter>
    </ClCompile>
    <ClCompile Include="..\..\src\caffe\layers\euclidean_loss_layer.cpp">
      <Filter>layers</Filter>
    </ClCompile>
    <ClCompile Include="..\..\src\caffe\layers\exp_layer.cpp">
      <Filter>layers</Filter>
    </ClCompile>
    <ClCompile Include="..\..\src\caffe\layers\filter_layer.cpp">
      <Filter>layers</Filter>
    </ClCompile>
    <ClCompile Include="..\..\src\caffe\layers\flatten_layer.cpp">
      <Filter>layers</Filter>
    </ClCompile>
    <ClCompile Include="..\..\src\caffe\layers\hdf5_data_layer.cpp">
      <Filter>layers</Filter>
    </ClCompile>
    <ClCompile Include="..\..\src\caffe\layers\hdf5_output_layer.cpp">
      <Filter>layers</Filter>
    </ClCompile>
    <ClCompile Include="..\..\src\caffe\layers\hinge_loss_layer.cpp">
      <Filter>layers</Filter>
    </ClCompile>
    <ClCompile Include="..\..\src\caffe\layers\im2col_layer.cpp">
      <Filter>layers</Filter>
    </ClCompile>
    <ClCompile Include="..\..\src\caffe\layers\image_data_layer.cpp">
      <Filter>layers</Filter>
    </ClCompile>
    <ClCompile Include="..\..\src\caffe\layers\infogain_loss_layer.cpp">
      <Filter>layers</Filter>
    </ClCompile>
    <ClCompile Include="..\..\src\caffe\layers\inner_product_layer.cpp">
      <Filter>layers</Filter>
    </ClCompile>
    <ClCompile Include="..\..\src\caffe\layers\log_layer.cpp">
      <Filter>layers</Filter>
    </ClCompile>
    <ClCompile Include="..\..\src\caffe\layers\loss_layer.cpp">
      <Filter>layers</Filter>
    </ClCompile>
    <ClCompile Include="..\..\src\caffe\layers\lrn_layer.cpp">
      <Filter>layers</Filter>
    </ClCompile>
    <ClCompile Include="..\..\src\caffe\layers\memory_data_layer.cpp">
      <Filter>layers</Filter>
    </ClCompile>
    <ClCompile Include="..\..\src\caffe\layers\multinomial_logistic_loss_layer.cpp">
      <Filter>layers</Filter>
    </ClCompile>
    <ClCompile Include="..\..\src\caffe\layers\mvn_layer.cpp">
      <Filter>layers</Filter>
    </ClCompile>
    <ClCompile Include="..\..\src\caffe\layers\neuron_layer.cpp">
      <Filter>layers</Filter>
    </ClCompile>
    <ClCompile Include="..\..\src\caffe\layers\pooling_layer.cpp">
      <Filter>layers</Filter>
    </ClCompile>
    <ClCompile Include="..\..\src\caffe\layers\power_layer.cpp">
      <Filter>layers</Filter>
    </ClCompile>
    <ClCompile Include="..\..\src\caffe\layers\prelu_layer.cpp">
      <Filter>layers</Filter>
    </ClCompile>
    <ClCompile Include="..\..\src\caffe\layers\reduction_layer.cpp">
      <Filter>layers</Filter>
    </ClCompile>
    <ClCompile Include="..\..\src\caffe\layers\relu_layer.cpp">
      <Filter>layers</Filter>
    </ClCompile>
    <ClCompile Include="..\..\src\caffe\layers\reshape_layer.cpp">
      <Filter>layers</Filter>
    </ClCompile>
    <ClCompile Include="..\..\src\caffe\layers\roi_pooling_layer.cpp">
      <Filter>layers</Filter>
    </ClCompile>
    <ClCompile Include="..\..\src\caffe\layers\sigmoid_cross_entropy_loss_layer.cpp">
      <Filter>layers</Filter>
    </ClCompile>
    <ClCompile Include="..\..\src\caffe\layers\sigmoid_layer.cpp">
      <Filter>layers</Filter>
    </ClCompile>
    <ClCompile Include="..\..\src\caffe\layers\silence_layer.cpp">
      <Filter>layers</Filter>
    </ClCompile>
    <ClCompile Include="..\..\src\caffe\layers\slice_layer.cpp">
      <Filter>layers</Filter>
    </ClCompile>
    <ClCompile Include="..\..\src\caffe\layers\softmax_layer.cpp">
      <Filter>layers</Filter>
    </ClCompile>
    <ClCompile Include="..\..\src\caffe\layers\softmax_loss_layer.cpp">
      <Filter>layers</Filter>
    </ClCompile>
    <ClCompile Include="..\..\src\caffe\layers\split_layer.cpp">
      <Filter>layers</Filter>
    </ClCompile>
    <ClCompile Include="..\..\src\caffe\layers\spp_layer.cpp">
      <Filter>layers</Filter>
    </ClCompile>
    <ClCompile Include="..\..\src\caffe\layers\tanh_layer.cpp">
      <Filter>layers</Filter>
    </ClCompile>
    <ClCompile Include="..\..\src\caffe\layers\threshold_layer.cpp">
      <Filter>layers</Filter>
    </ClCompile>
    <ClCompile Include="..\..\src\caffe\layers\unpooling_layer.cpp">
      <Filter>layers</Filter>
    </ClCompile>
    <ClCompile Include="..\..\src\caffe\layers\window_data_layer.cpp">
      <Filter>layers</Filter>
    </ClCompile>
    <ClCompile Include="..\..\src\caffe\util\benchmark.cpp">
      <Filter>util</Filter>
    </ClCompile>
    <ClCompile Include="..\..\src\caffe\util\cudnn.cpp">
      <Filter>util</Filter>
    </ClCompile>
    <ClCompile Include="..\..\src\caffe\util\db.cpp">
      <Filter>util</Filter>
    </ClCompile>
    <ClCompile Include="..\..\src\caffe\util\db_leveldb.cpp">
      <Filter>util</Filter>
    </ClCompile>
    <ClCompile Include="..\..\src\caffe\util\db_lmdb.cpp">
      <Filter>util</Filter>
    </ClCompile>
    <ClCompile Include="..\..\src\caffe\util\im2col.cpp">
      <Filter>util</Filter>
    </ClCompile>
    <ClCompile Include="..\..\src\caffe\util\insert_splits.cpp">
      <Filter>util</Filter>
    </ClCompile>
    <ClCompile Include="..\..\src\caffe\util\io.cpp">
      <Filter>util</Filter>
    </ClCompile>
    <ClCompile Include="..\..\src\caffe\util\math_functions.cpp">
      <Filter>util</Filter>
    </ClCompile>
    <ClCompile Include="..\..\src\caffe\util\upgrade_proto.cpp">
      <Filter>util</Filter>
    </ClCompile>
    <ClCompile Include="..\..\src\caffe\proto\caffe.pb.cc">
      <Filter>protobuf</Filter>
    </ClCompile>
    <ClCompile Include="..\..\src\caffe\blob.cpp">
      <Filter>Source Files</Filter>
    </ClCompile>
    <ClCompile Include="..\..\src\caffe\common.cpp">
      <Filter>Source Files</Filter>
    </ClCompile>
    <ClCompile Include="..\..\src\caffe\data_transformer.cpp">
      <Filter>Source Files</Filter>
    </ClCompile>
    <ClCompile Include="..\..\src\caffe\internal_thread.cpp">
      <Filter>Source Files</Filter>
    </ClCompile>
    <ClCompile Include="..\..\src\caffe\layer_factory.cpp">
      <Filter>Source Files</Filter>
    </ClCompile>
    <ClCompile Include="..\..\src\caffe\mkstemp.cpp">
      <Filter>Source Files</Filter>
    </ClCompile>
    <ClCompile Include="..\..\src\caffe\net.cpp">
      <Filter>Source Files</Filter>
    </ClCompile>
    <ClCompile Include="..\..\src\caffe\solver.cpp">
      <Filter>Source Files</Filter>
    </ClCompile>
    <ClCompile Include="..\..\src\caffe\syncedmem.cpp">
      <Filter>Source Files</Filter>
    </ClCompile>
    <ClCompile Include="..\..\src\caffe\test\test_accuracy_layer.cpp">
      <Filter>test</Filter>
    </ClCompile>
    <ClCompile Include="..\..\src\caffe\test\test_argmax_layer.cpp">
      <Filter>test</Filter>
    </ClCompile>
    <ClCompile Include="..\..\src\caffe\test\test_blob.cpp">
      <Filter>test</Filter>
    </ClCompile>
    <ClCompile Include="..\..\src\caffe\test\test_caffe_main.cpp">
      <Filter>test</Filter>
    </ClCompile>
    <ClCompile Include="..\..\src\caffe\test\test_common.cpp">
      <Filter>test</Filter>
    </ClCompile>
    <ClCompile Include="..\..\src\caffe\test\test_concat_layer.cpp">
      <Filter>test</Filter>
    </ClCompile>
    <ClCompile Include="..\..\src\caffe\test\test_contrastive_loss_layer.cpp">
      <Filter>test</Filter>
    </ClCompile>
    <ClCompile Include="..\..\src\caffe\test\test_convolution_layer.cpp">
      <Filter>test</Filter>
    </ClCompile>
    <ClCompile Include="..\..\src\caffe\test\test_data_layer.cpp">
      <Filter>test</Filter>
    </ClCompile>
    <ClCompile Include="..\..\src\caffe\test\test_data_transformer.cpp">
      <Filter>test</Filter>
    </ClCompile>
    <ClCompile Include="..\..\src\caffe\test\test_db.cpp">
      <Filter>test</Filter>
    </ClCompile>
    <ClCompile Include="..\..\src\caffe\test\test_deconvolution_layer.cpp">
      <Filter>test</Filter>
    </ClCompile>
    <ClCompile Include="..\..\src\caffe\test\test_dummy_data_layer.cpp">
      <Filter>test</Filter>
    </ClCompile>
    <ClCompile Include="..\..\src\caffe\test\test_eltwise_layer.cpp">
      <Filter>test</Filter>
    </ClCompile>
    <ClCompile Include="..\..\src\caffe\test\test_euclidean_loss_layer.cpp">
      <Filter>test</Filter>
    </ClCompile>
    <ClCompile Include="..\..\src\caffe\test\test_filler.cpp">
      <Filter>test</Filter>
    </ClCompile>
    <ClCompile Include="..\..\src\caffe\test\test_filter_layer.cpp">
      <Filter>test</Filter>
    </ClCompile>
    <ClCompile Include="..\..\src\caffe\test\test_flatten_layer.cpp">
      <Filter>test</Filter>
    </ClCompile>
    <ClCompile Include="..\..\src\caffe\test\test_gradient_based_solver.cpp">
      <Filter>test</Filter>
    </ClCompile>
    <ClCompile Include="..\..\src\caffe\test\test_hdf5_output_layer.cpp">
      <Filter>test</Filter>
    </ClCompile>
    <ClCompile Include="..\..\src\caffe\test\test_hdf5data_layer.cpp">
      <Filter>test</Filter>
    </ClCompile>
    <ClCompile Include="..\..\src\caffe\test\test_hinge_loss_layer.cpp">
      <Filter>test</Filter>
    </ClCompile>
    <ClCompile Include="..\..\src\caffe\test\test_im2col_layer.cpp">
      <Filter>test</Filter>
    </ClCompile>
    <ClCompile Include="..\..\src\caffe\test\test_image_data_layer.cpp">
      <Filter>test</Filter>
    </ClCompile>
    <ClCompile Include="..\..\src\caffe\test\test_infogain_loss_layer.cpp">
      <Filter>test</Filter>
    </ClCompile>
    <ClCompile Include="..\..\src\caffe\test\test_inner_product_layer.cpp">
      <Filter>test</Filter>
    </ClCompile>
    <ClCompile Include="..\..\src\caffe\test\test_internal_thread.cpp">
      <Filter>test</Filter>
    </ClCompile>
    <ClCompile Include="..\..\src\caffe\test\test_io.cpp">
      <Filter>test</Filter>
    </ClCompile>
    <ClCompile Include="..\..\src\caffe\test\test_layer_factory.cpp">
      <Filter>test</Filter>
    </ClCompile>
    <ClCompile Include="..\..\src\caffe\test\test_lrn_layer.cpp">
      <Filter>test</Filter>
    </ClCompile>
    <ClCompile Include="..\..\src\caffe\test\test_math_functions.cpp">
      <Filter>test</Filter>
    </ClCompile>
    <ClCompile Include="..\..\src\caffe\test\test_maxpool_dropout_layers.cpp">
      <Filter>test</Filter>
    </ClCompile>
    <ClCompile Include="..\..\src\caffe\test\test_memory_data_layer.cpp">
      <Filter>test</Filter>
    </ClCompile>
    <ClCompile Include="..\..\src\caffe\test\test_multinomial_logistic_loss_layer.cpp">
      <Filter>test</Filter>
    </ClCompile>
    <ClCompile Include="..\..\src\caffe\test\test_mvn_layer.cpp">
      <Filter>test</Filter>
    </ClCompile>
    <ClCompile Include="..\..\src\caffe\test\test_net.cpp">
      <Filter>test</Filter>
    </ClCompile>
    <ClCompile Include="..\..\src\caffe\test\test_neuron_layer.cpp">
      <Filter>test</Filter>
    </ClCompile>
    <ClCompile Include="..\..\src\caffe\test\test_platform.cpp">
      <Filter>test</Filter>
    </ClCompile>
    <ClCompile Include="..\..\src\caffe\test\test_pooling_layer.cpp">
      <Filter>test</Filter>
    </ClCompile>
    <ClCompile Include="..\..\src\caffe\test\test_power_layer.cpp">
      <Filter>test</Filter>
    </ClCompile>
    <ClCompile Include="..\..\src\caffe\test\test_protobuf.cpp">
      <Filter>test</Filter>
    </ClCompile>
    <ClCompile Include="..\..\src\caffe\test\test_random_number_generator.cpp">
      <Filter>test</Filter>
    </ClCompile>
    <ClCompile Include="..\..\src\caffe\test\test_reduction_layer.cpp">
      <Filter>test</Filter>
    </ClCompile>
    <ClCompile Include="..\..\src\caffe\test\test_reshape_layer.cpp">
      <Filter>test</Filter>
    </ClCompile>
    <ClCompile Include="..\..\src\caffe\test\test_sigmoid_cross_entropy_loss_layer.cpp">
      <Filter>test</Filter>
    </ClCompile>
    <ClCompile Include="..\..\src\caffe\test\test_slice_layer.cpp">
      <Filter>test</Filter>
    </ClCompile>
    <ClCompile Include="..\..\src\caffe\test\test_softmax_layer.cpp">
      <Filter>test</Filter>
    </ClCompile>
    <ClCompile Include="..\..\src\caffe\test\test_softmax_with_loss_layer.cpp">
      <Filter>test</Filter>
    </ClCompile>
    <ClCompile Include="..\..\src\caffe\test\test_solver.cpp">
      <Filter>test</Filter>
    </ClCompile>
    <ClCompile Include="..\..\src\caffe\test\test_split_layer.cpp">
      <Filter>test</Filter>
    </ClCompile>
    <ClCompile Include="..\..\src\caffe\test\test_spp_layer.cpp">
      <Filter>test</Filter>
    </ClCompile>
    <ClCompile Include="..\..\src\caffe\test\test_stochastic_pooling.cpp">
      <Filter>test</Filter>
    </ClCompile>
    <ClCompile Include="..\..\src\caffe\test\test_syncedmem.cpp">
      <Filter>test</Filter>
    </ClCompile>
    <ClCompile Include="..\..\src\caffe\test\test_tanh_layer.cpp">
      <Filter>test</Filter>
    </ClCompile>
    <ClCompile Include="..\..\src\caffe\test\test_threshold_layer.cpp">
      <Filter>test</Filter>
    </ClCompile>
    <ClCompile Include="..\..\src\caffe\test\test_upgrade_proto.cpp">
      <Filter>test</Filter>
    </ClCompile>
    <ClCompile Include="..\..\src\caffe\test\test_util_blas.cpp">
      <Filter>test</Filter>
    </ClCompile>
    <ClCompile Include="..\..\src\gtest\gtest-all.cpp">
      <Filter>gtest</Filter>
    </ClCompile>
    <ClCompile Include="..\..\src\caffe\test\test_benchmark.cpp">
      <Filter>test</Filter>
    </ClCompile>
    <ClCompile Include="..\..\src\caffe\layers\k_sparse_layer.cpp">
      <Filter>layers</Filter>
    </ClCompile>
    <ClCompile Include="..\..\src\caffe\test\test_deconv_norm_layer.cpp">
      <Filter>test</Filter>
    </ClCompile>
    <ClCompile Include="..\..\src\caffe\layers\deconv_norm_layer.cpp">
      <Filter>layers</Filter>
    </ClCompile>
    <ClCompile Include="..\..\src\caffe\test\test_ksparse_layer.cpp">
      <Filter>test</Filter>
    </ClCompile>
    <ClCompile Include="..\..\src\caffe\layers\euclidean_layer.cpp">
      <Filter>layers</Filter>
    </ClCompile>
    <ClCompile Include="..\..\src\caffe\layers\non_local_layer.cpp">
      <Filter>layers</Filter>
    </ClCompile>
    <ClCompile Include="..\..\src\caffe\layers\smooth_threshold_layer.cpp">
      <Filter>layers</Filter>
    </ClCompile>
    <ClCompile Include="..\..\src\caffe\test\test_euclidean_layer.cpp">
      <Filter>test</Filter>
    </ClCompile>
    <ClCompile Include="..\..\src\caffe\test\test_smooth_layer.cpp">
      <Filter>test</Filter>
    </ClCompile>
    <ClCompile Include="..\..\src\caffe\test\test_non_local_layer.cpp">
      <Filter>test</Filter>
    </ClCompile>
    <ClCompile Include="..\..\src\caffe\test\test_shrinkage_layer.cpp">
      <Filter>test</Filter>
    </ClCompile>
    <ClCompile Include="..\..\src\caffe\layers\shrinkage_layer.cpp">
      <Filter>layers</Filter>
    </ClCompile>
    <ClCompile Include="..\..\src\caffe\layers\col2img_mask_layer.cpp">
      <Filter>layers</Filter>
    </ClCompile>
    <ClCompile Include="..\..\src\caffe\test\test_col2img_layer.cpp">
      <Filter>test</Filter>
    </ClCompile>
    <ClCompile Include="..\..\src\caffe\layers\normalize_layer.cpp">
      <Filter>layers</Filter>
    </ClCompile>
    <ClCompile Include="..\..\src\caffe\test\test_normalize_layer.cpp">
      <Filter>test</Filter>
    </ClCompile>
    <ClCompile Include="..\..\src\caffe\test\test_euclidean_loss_norm_layer.cpp">
      <Filter>test</Filter>
    </ClCompile>
    <ClCompile Include="..\..\src\caffe\layers\euclidean_loss_norm_layer.cpp">
      <Filter>layers</Filter>
    </ClCompile>
  </ItemGroup>
  <ItemGroup>
    <CudaCompile Include="..\..\src\caffe\layers\base_data_layer.cu">
      <Filter>layers</Filter>
    </CudaCompile>
    <CudaCompile Include="..\..\src\caffe\layers\bnll_layer.cu">
      <Filter>layers</Filter>
    </CudaCompile>
    <CudaCompile Include="..\..\src\caffe\layers\concat_layer.cu">
      <Filter>layers</Filter>
    </CudaCompile>
    <CudaCompile Include="..\..\src\caffe\layers\contrastive_loss_layer.cu">
      <Filter>layers</Filter>
    </CudaCompile>
    <CudaCompile Include="..\..\src\caffe\layers\conv_layer.cu">
      <Filter>layers</Filter>
    </CudaCompile>
    <CudaCompile Include="..\..\src\caffe\layers\cudnn_conv_layer.cu">
      <Filter>layers</Filter>
    </CudaCompile>
    <CudaCompile Include="..\..\src\caffe\layers\cudnn_pooling_layer.cu">
      <Filter>layers</Filter>
    </CudaCompile>
    <CudaCompile Include="..\..\src\caffe\layers\cudnn_relu_layer.cu">
      <Filter>layers</Filter>
    </CudaCompile>
    <CudaCompile Include="..\..\src\caffe\layers\cudnn_sigmoid_layer.cu">
      <Filter>layers</Filter>
    </CudaCompile>
    <CudaCompile Include="..\..\src\caffe\layers\cudnn_softmax_layer.cu">
      <Filter>layers</Filter>
    </CudaCompile>
    <CudaCompile Include="..\..\src\caffe\layers\cudnn_tanh_layer.cu">
      <Filter>layers</Filter>
    </CudaCompile>
    <CudaCompile Include="..\..\src\caffe\layers\deconv_layer.cu">
      <Filter>layers</Filter>
    </CudaCompile>
    <CudaCompile Include="..\..\src\caffe\layers\dropout_layer.cu">
      <Filter>layers</Filter>
    </CudaCompile>
    <CudaCompile Include="..\..\src\caffe\layers\eltwise_layer.cu">
      <Filter>layers</Filter>
    </CudaCompile>
    <CudaCompile Include="..\..\src\caffe\layers\euclidean_loss_layer.cu">
      <Filter>layers</Filter>
    </CudaCompile>
    <CudaCompile Include="..\..\src\caffe\layers\exp_layer.cu">
      <Filter>layers</Filter>
    </CudaCompile>
    <CudaCompile Include="..\..\src\caffe\layers\filter_layer.cu">
      <Filter>layers</Filter>
    </CudaCompile>
    <CudaCompile Include="..\..\src\caffe\layers\hdf5_data_layer.cu">
      <Filter>layers</Filter>
    </CudaCompile>
    <CudaCompile Include="..\..\src\caffe\layers\hdf5_output_layer.cu">
      <Filter>layers</Filter>
    </CudaCompile>
    <CudaCompile Include="..\..\src\caffe\layers\im2col_layer.cu">
      <Filter>layers</Filter>
    </CudaCompile>
    <CudaCompile Include="..\..\src\caffe\layers\inner_product_layer.cu">
      <Filter>layers</Filter>
    </CudaCompile>
    <CudaCompile Include="..\..\src\caffe\layers\log_layer.cu">
      <Filter>layers</Filter>
    </CudaCompile>
    <CudaCompile Include="..\..\src\caffe\layers\lrn_layer.cu">
      <Filter>layers</Filter>
    </CudaCompile>
    <CudaCompile Include="..\..\src\caffe\layers\mvn_layer.cu">
      <Filter>layers</Filter>
    </CudaCompile>
    <CudaCompile Include="..\..\src\caffe\layers\pooling_layer.cu">
      <Filter>layers</Filter>
    </CudaCompile>
    <CudaCompile Include="..\..\src\caffe\layers\power_layer.cu">
      <Filter>layers</Filter>
    </CudaCompile>
    <CudaCompile Include="..\..\src\caffe\layers\prelu_layer.cu">
      <Filter>layers</Filter>
    </CudaCompile>
    <CudaCompile Include="..\..\src\caffe\layers\reduction_layer.cu">
      <Filter>layers</Filter>
    </CudaCompile>
    <CudaCompile Include="..\..\src\caffe\layers\relu_layer.cu">
      <Filter>layers</Filter>
    </CudaCompile>
    <CudaCompile Include="..\..\src\caffe\layers\roi_pooling_layer.cu">
      <Filter>layers</Filter>
    </CudaCompile>
    <CudaCompile Include="..\..\src\caffe\layers\sigmoid_cross_entropy_loss_layer.cu">
      <Filter>layers</Filter>
    </CudaCompile>
    <CudaCompile Include="..\..\src\caffe\layers\sigmoid_layer.cu">
      <Filter>layers</Filter>
    </CudaCompile>
    <CudaCompile Include="..\..\src\caffe\layers\silence_layer.cu">
      <Filter>layers</Filter>
    </CudaCompile>
    <CudaCompile Include="..\..\src\caffe\layers\slice_layer.cu">
      <Filter>layers</Filter>
    </CudaCompile>
    <CudaCompile Include="..\..\src\caffe\layers\softmax_layer.cu">
      <Filter>layers</Filter>
    </CudaCompile>
    <CudaCompile Include="..\..\src\caffe\layers\softmax_loss_layer.cu">
      <Filter>layers</Filter>
    </CudaCompile>
    <CudaCompile Include="..\..\src\caffe\layers\split_layer.cu">
      <Filter>layers</Filter>
    </CudaCompile>
    <CudaCompile Include="..\..\src\caffe\layers\tanh_layer.cu">
      <Filter>layers</Filter>
    </CudaCompile>
    <CudaCompile Include="..\..\src\caffe\layers\threshold_layer.cu">
      <Filter>layers</Filter>
    </CudaCompile>
    <CudaCompile Include="..\..\src\caffe\layers\unpooling_layer.cu">
      <Filter>layers</Filter>
    </CudaCompile>
    <CudaCompile Include="..\..\src\caffe\util\im2col.cu">
      <Filter>util</Filter>
    </CudaCompile>
    <CudaCompile Include="..\..\src\caffe\util\math_functions.cu">
      <Filter>util</Filter>
    </CudaCompile>
    <CudaCompile Include="..\..\src\caffe\test\test_im2col_kernel.cu">
      <Filter>test</Filter>
    </CudaCompile>
    <CudaCompile Include="..\..\src\caffe\layers\absval_layer.cu">
      <Filter>layers</Filter>
    </CudaCompile>
    <CudaCompile Include="..\..\src\caffe\layers\k_sparse_layer.cu">
      <Filter>layers</Filter>
    </CudaCompile>
    <CudaCompile Include="..\..\src\caffe\layers\deconv_norm_layer.cu">
      <Filter>layers</Filter>
    </CudaCompile>
    <CudaCompile Include="..\..\src\caffe\layers\euclidean_layer.cu">
      <Filter>layers</Filter>
    </CudaCompile>
    <CudaCompile Include="..\..\src\caffe\layers\non_local_layer.cu">
      <Filter>layers</Filter>
    </CudaCompile>
    <CudaCompile Include="..\..\src\caffe\layers\smooth_threshold_layer.cu">
      <Filter>layers</Filter>
    </CudaCompile>
    <CudaCompile Include="..\..\src\caffe\layers\shrinkage_layer.cu">
      <Filter>layers</Filter>
    </CudaCompile>
    <CudaCompile Include="..\..\src\caffe\layers\col2img_mask_layer.cu">
      <Filter>layers</Filter>
    </CudaCompile>
    <CudaCompile Include="..\..\src\caffe\layers\normalize_layer.cu">
      <Filter>layers</Filter>
    </CudaCompile>
    <CudaCompile Include="..\..\src\caffe\layers\euclidean_loss_norm_layer.cu">
      <Filter>layers</Filter>
    </CudaCompile>
  </ItemGroup>
  <ItemGroup>
    <ClInclude Include="..\..\src\caffe\proto\caffe.pb.h">
      <Filter>protobuf</Filter>
    </ClInclude>
    <ClInclude Include="..\..\include\caffe\blob.hpp">
      <Filter>Header Files</Filter>
    </ClInclude>
    <ClInclude Include="..\..\include\caffe\caffe.hpp">
      <Filter>Header Files</Filter>
    </ClInclude>
    <ClInclude Include="..\..\include\caffe\common.hpp">
      <Filter>Header Files</Filter>
    </ClInclude>
    <ClInclude Include="..\..\include\caffe\common_layers.hpp">
      <Filter>Header Files</Filter>
    </ClInclude>
    <ClInclude Include="..\..\include\caffe\data_layers.hpp">
      <Filter>Header Files</Filter>
    </ClInclude>
    <ClInclude Include="..\..\include\caffe\data_transformer.hpp">
      <Filter>Header Files</Filter>
    </ClInclude>
    <ClInclude Include="..\..\include\caffe\fast_rcnn_layers.hpp">
      <Filter>Header Files</Filter>
    </ClInclude>
    <ClInclude Include="..\..\include\caffe\filler.hpp">
      <Filter>Header Files</Filter>
    </ClInclude>
    <ClInclude Include="..\..\include\caffe\internal_thread.hpp">
      <Filter>Header Files</Filter>
    </ClInclude>
    <ClInclude Include="..\..\include\caffe\layer.hpp">
      <Filter>Header Files</Filter>
    </ClInclude>
    <ClInclude Include="..\..\include\caffe\layer_factory.hpp">
      <Filter>Header Files</Filter>
    </ClInclude>
    <ClInclude Include="..\..\include\caffe\loss_layers.hpp">
      <Filter>Header Files</Filter>
    </ClInclude>
    <ClInclude Include="..\..\include\caffe\mkstemp.h">
      <Filter>Header Files</Filter>
    </ClInclude>
    <ClInclude Include="..\..\include\caffe\net.hpp">
      <Filter>Header Files</Filter>
    </ClInclude>
    <ClInclude Include="..\..\include\caffe\neuron_layers.hpp">
      <Filter>Header Files</Filter>
    </ClInclude>
    <ClInclude Include="..\..\include\caffe\python_layer.hpp">
      <Filter>Header Files</Filter>
    </ClInclude>
    <ClInclude Include="..\..\include\caffe\solver.hpp">
      <Filter>Header Files</Filter>
    </ClInclude>
    <ClInclude Include="..\..\include\caffe\syncedmem.hpp">
      <Filter>Header Files</Filter>
    </ClInclude>
    <ClInclude Include="..\..\include\caffe\unistd.h">
      <Filter>Header Files</Filter>
    </ClInclude>
    <ClInclude Include="..\..\include\caffe\vision_layers.hpp">
      <Filter>Header Files</Filter>
    </ClInclude>
    <ClInclude Include="..\..\include\caffe\util\benchmark.hpp">
      <Filter>Header Files\util</Filter>
    </ClInclude>
    <ClInclude Include="..\..\include\caffe\util\cudnn.hpp">
      <Filter>Header Files\util</Filter>
    </ClInclude>
    <ClInclude Include="..\..\include\caffe\util\db.hpp">
      <Filter>Header Files\util</Filter>
    </ClInclude>
    <ClInclude Include="..\..\include\caffe\util\db_leveldb.hpp">
      <Filter>Header Files\util</Filter>
    </ClInclude>
    <ClInclude Include="..\..\include\caffe\util\db_lmdb.hpp">
      <Filter>Header Files\util</Filter>
    </ClInclude>
    <ClInclude Include="..\..\include\caffe\util\device_alternate.hpp">
      <Filter>Header Files\util</Filter>
    </ClInclude>
    <ClInclude Include="..\..\include\caffe\util\im2col.hpp">
      <Filter>Header Files\util</Filter>
    </ClInclude>
    <ClInclude Include="..\..\include\caffe\util\insert_splits.hpp">
      <Filter>Header Files\util</Filter>
    </ClInclude>
    <ClInclude Include="..\..\include\caffe\util\io.hpp">
      <Filter>Header Files\util</Filter>
    </ClInclude>
    <ClInclude Include="..\..\include\caffe\util\math_functions.hpp">
      <Filter>Header Files\util</Filter>
    </ClInclude>
    <ClInclude Include="..\..\include\caffe\util\mkl_alternate.hpp">
      <Filter>Header Files\util</Filter>
    </ClInclude>
    <ClInclude Include="..\..\include\caffe\util\rng.hpp">
      <Filter>Header Files\util</Filter>
    </ClInclude>
    <ClInclude Include="..\..\include\caffe\util\upgrade_proto.hpp">
      <Filter>Header Files\util</Filter>
    </ClInclude>
    <ClInclude Include="..\..\include\caffe\test\test_caffe_main.hpp">
      <Filter>Header Files\test</Filter>
    </ClInclude>
    <ClInclude Include="..\..\include\caffe\test\test_gradient_check_util.hpp">
      <Filter>Header Files\test</Filter>
    </ClInclude>
    <ClInclude Include="..\..\src\gtest\gtest.h">
      <Filter>gtest</Filter>
    </ClInclude>
  </ItemGroup>
</Project>